
Microsoft Visual Studio Solution File, Format Version 12.00
# Visual Studio Version 17
VisualStudioVersion = 17.0.31903.59
MinimumVisualStudioVersion = 10.0.40219.1
Project("{9A19103F-16F7-4668-BE54-9A1E7A4F7556}") = "Finance.Domain", "src\\Finance.Domain\\Finance.Domain.csproj", "{260ECBAD-32D0-4F3F-8D2B-A9D4AFBD0F20}"
EndProject
Project("{9A19103F-16F7-4668-BE54-9A1E7A4F7556}") = "Finance.Application", "src\\Finance.Application\\Finance.Application.csproj", "{C41C14DA-AB3B-4668-B9D3-02352A2DBE82}"
EndProject
Project("{9A19103F-16F7-4668-BE54-9A1E7A4F7556}") = "Finance.Infrastructure", "src\\Finance.Infrastructure\\Finance.Infrastructure.csproj", "{F6C0272E-170E-4C13-87BD-C68FC608E497}"
EndProject
Project("{9A19103F-16F7-4668-BE54-9A1E7A4F7556}") = "Finance.Api", "src\\Finance.Api\\Finance.Api.csproj", "{19D38AA5-5BF7-487C-B7E3-0CC1797B6C40}"
EndProject
Project("{9A19103F-16F7-4668-BE54-9A1E7A4F7556}") = "Finance.Application.Tests", "tests\\Finance.Application.Tests\\Finance.Application.Tests.csproj", "{2FA35B6E-6BF7-4A7C-9D9A-262D1BBADAA6}"
EndProject
Global
  GlobalSection(SolutionConfigurationPlatforms) = preSolution
    Debug|Any CPU = Debug|Any CPU
    Release|Any CPU = Release|Any CPU
  EndGlobalSection
  GlobalSection(ProjectConfigurationPlatforms) = postSolution
    {260ECBAD-32D0-4F3F-8D2B-A9D4AFBD0F20}.Debug|Any CPU.ActiveCfg = Debug|Any CPU
    {260ECBAD-32D0-4F3F-8D2B-A9D4AFBD0F20}.Debug|Any CPU.Build.0 = Debug|Any CPU
    {260ECBAD-32D0-4F3F-8D2B-A9D4AFBD0F20}.Release|Any CPU.ActiveCfg = Release|Any CPU
    {260ECBAD-32D0-4F3F-8D2B-A9D4AFBD0F20}.Release|Any CPU.Build.0 = Release|Any CPU
    {C41C14DA-AB3B-4668-B9D3-02352A2DBE82}.Debug|Any CPU.ActiveCfg = Debug|Any CPU
    {C41C14DA-AB3B-4668-B9D3-02352A2DBE82}.Debug|Any CPU.Build.0 = Debug|Any CPU
    {C41C14DA-AB3B-4668-B9D3-02352A2DBE82}.Release|Any CPU.ActiveCfg = Release|Any CPU
    {C41C14DA-AB3B-4668-B9D3-02352A2DBE82}.Release|Any CPU.Build.0 = Release|Any CPU
    {F6C0272E-170E-4C13-87BD-C68FC608E497}.Debug|Any CPU.ActiveCfg = Debug|Any CPU
    {F6C0272E-170E-4C13-87BD-C68FC608E497}.Debug|Any CPU.Build.0 = Debug|Any CPU
    {F6C0272E-170E-4C13-87BD-C68FC608E497}.Release|Any CPU.ActiveCfg = Release|Any CPU
    {F6C0272E-170E-4C13-87BD-C68FC608E497}.Release|Any CPU.Build.0 = Release|Any CPU
    {19D38AA5-5BF7-487C-B7E3-0CC1797B6C40}.Debug|Any CPU.ActiveCfg = Debug|Any CPU
    {19D38AA5-5BF7-487C-B7E3-0CC1797B6C40}.Debug|Any CPU.Build.0 = Debug|Any CPU
    {19D38AA5-5BF7-487C-B7E3-0CC1797B6C40}.Release|Any CPU.ActiveCfg = Release|Any CPU
    {19D38AA5-5BF7-487C-B7E3-0CC1797B6C40}.Release|Any CPU.Build.0 = Release|Any CPU
    {2FA35B6E-6BF7-4A7C-9D9A-262D1BBADAA6}.Debug|Any CPU.ActiveCfg = Debug|Any CPU
    {2FA35B6E-6BF7-4A7C-9D9A-262D1BBADAA6}.Debug|Any CPU.Build.0 = Debug|Any CPU
    {2FA35B6E-6BF7-4A7C-9D9A-262D1BBADAA6}.Release|Any CPU.ActiveCfg = Release|Any CPU
    {2FA35B6E-6BF7-4A7C-9D9A-262D1BBADAA6}.Release|Any CPU.Build.0 = Release|Any CPU
  EndGlobalSection
  GlobalSection(SolutionProperties) = preSolution
    HideSolutionNode = FALSE
  EndGlobalSection
EndGlobal
